// !$*UTF8*$!
{
	archiveVersion = 1;
	classes = {
	};
	objectVersion = 50;
	objects = {

/* Begin PBXBuildFile section */
		82BB09E9240D6CD200E9558E /* AppDelegate.swift in Sources */ = {isa = PBXBuildFile; fileRef = 82BB09E8240D6CD200E9558E /* AppDelegate.swift */; };
		82BB09EB240D6CD200E9558E /* SceneDelegate.swift in Sources */ = {isa = PBXBuildFile; fileRef = 82BB09EA240D6CD200E9558E /* SceneDelegate.swift */; };
		82BB09ED240D6CD200E9558E /* ViewController.swift in Sources */ = {isa = PBXBuildFile; fileRef = 82BB09EC240D6CD200E9558E /* ViewController.swift */; };
		82BB09F0240D6CD200E9558E /* Main.storyboard in Resources */ = {isa = PBXBuildFile; fileRef = 82BB09EE240D6CD200E9558E /* Main.storyboard */; };
		82BB09F2240D6CD300E9558E /* Assets.xcassets in Resources */ = {isa = PBXBuildFile; fileRef = 82BB09F1240D6CD300E9558E /* Assets.xcassets */; };
		82BB09F5240D6CD300E9558E /* LaunchScreen.storyboard in Resources */ = {isa = PBXBuildFile; fileRef = 82BB09F3240D6CD300E9558E /* LaunchScreen.storyboard */; };
		82BB09FD2410A83B00E9558E /* Prompt.swift in Sources */ = {isa = PBXBuildFile; fileRef = 82BB09FC2410A83B00E9558E /* Prompt.swift */; };
		82BB09FF2410BA7000E9558E /* SingleStoryVC.swift in Sources */ = {isa = PBXBuildFile; fileRef = 82BB09FE2410BA7000E9558E /* SingleStoryVC.swift */; };
/* End PBXBuildFile section */

/* Begin PBXFileReference section */
		82BB09E5240D6CD200E9558E /* ChangingPerspectives.app */ = {isa = PBXFileReference; explicitFileType = wrapper.application; includeInIndex = 0; path = ChangingPerspectives.app; sourceTree = BUILT_PRODUCTS_DIR; };
		82BB09E8240D6CD200E9558E /* AppDelegate.swift */ = {isa = PBXFileReference; lastKnownFileType = sourcecode.swift; path = AppDelegate.swift; sourceTree = "<group>"; };
		82BB09EA240D6CD200E9558E /* SceneDelegate.swift */ = {isa = PBXFileReference; lastKnownFileType = sourcecode.swift; path = SceneDelegate.swift; sourceTree = "<group>"; };
		82BB09EC240D6CD200E9558E /* ViewController.swift */ = {isa = PBXFileReference; lastKnownFileType = sourcecode.swift; path = ViewController.swift; sourceTree = "<group>"; };
		82BB09EF240D6CD200E9558E /* Base */ = {isa = PBXFileReference; lastKnownFileType = file.storyboard; name = Base; path = Base.lproj/Main.storyboard; sourceTree = "<group>"; };
		82BB09F1240D6CD300E9558E /* Assets.xcassets */ = {isa = PBXFileReference; lastKnownFileType = folder.assetcatalog; path = Assets.xcassets; sourceTree = "<group>"; };
		82BB09F4240D6CD300E9558E /* Base */ = {isa = PBXFileReference; lastKnownFileType = file.storyboard; name = Base; path = Base.lproj/LaunchScreen.storyboard; sourceTree = "<group>"; };
		82BB09F6240D6CD300E9558E /* Info.plist */ = {isa = PBXFileReference; lastKnownFileType = text.plist.xml; path = Info.plist; sourceTree = "<group>"; };
		82BB09FC2410A83B00E9558E /* Prompt.swift */ = {isa = PBXFileReference; lastKnownFileType = sourcecode.swift; path = Prompt.swift; sourceTree = "<group>"; };
		82BB09FE2410BA7000E9558E /* SingleStoryVC.swift */ = {isa = PBXFileReference; lastKnownFileType = sourcecode.swift; path = SingleStoryVC.swift; sourceTree = "<group>"; };
/* End PBXFileReference section */

/* Begin PBXFrameworksBuildPhase section */
		82BB09E2240D6CD200E9558E /* Frameworks */ = {
			isa = PBXFrameworksBuildPhase;
			buildActionMask = 2147483647;
			files = (
			);
			runOnlyForDeploymentPostprocessing = 0;
		};
/* End PBXFrameworksBuildPhase section */

/* Begin PBXGroup section */
		82BB09DC240D6CD200E9558E = {
			isa = PBXGroup;
			children = (
				82BB09E7240D6CD200E9558E /* ChangingPerspectives */,
				82BB09E6240D6CD200E9558E /* Products */,
			);
			sourceTree = "<group>";
		};
		82BB09E6240D6CD200E9558E /* Products */ = {
			isa = PBXGroup;
			children = (
				82BB09E5240D6CD200E9558E /* ChangingPerspectives.app */,
			);
			name = Products;
			sourceTree = "<group>";
		};
		82BB09E7240D6CD200E9558E /* ChangingPerspectives */ = {
			isa = PBXGroup;
			children = (
				82BB09E8240D6CD200E9558E /* AppDelegate.swift */,
				82BB09EA240D6CD200E9558E /* SceneDelegate.swift */,
				82BB09EC240D6CD200E9558E /* ViewController.swift */,
				82BB09EE240D6CD200E9558E /* Main.storyboard */,
				82BB09F1240D6CD300E9558E /* Assets.xcassets */,
				82BB09F3240D6CD300E9558E /* LaunchScreen.storyboard */,
				82BB09F6240D6CD300E9558E /* Info.plist */,
				82BB09FC2410A83B00E9558E /* Prompt.swift */,
				82BB09FE2410BA7000E9558E /* SingleStoryVC.swift */,
			);
			path = ChangingPerspectives;
			sourceTree = "<group>";
		};
/* End PBXGroup section */

/* Begin PBXNativeTarget section */
		82BB09E4240D6CD200E9558E /* ChangingPerspectives */ = {
			isa = PBXNativeTarget;
			buildConfigurationList = 82BB09F9240D6CD300E9558E /* Build configuration list for PBXNativeTarget "ChangingPerspectives" */;
			buildPhases = (
				82BB09E1240D6CD200E9558E /* Sources */,
				82BB09E2240D6CD200E9558E /* Frameworks */,
				82BB09E3240D6CD200E9558E /* Resources */,
			);
			buildRules = (
			);
			dependencies = (
			);
			name = ChangingPerspectives;
			productName = ChangingPerspectives;
			productReference = 82BB09E5240D6CD200E9558E /* ChangingPerspectives.app */;
			productType = "com.apple.product-type.application";
		};
/* End PBXNativeTarget section */

/* Begin PBXProject section */
		82BB09DD240D6CD200E9558E /* Project object */ = {
			isa = PBXProject;
			attributes = {
				LastSwiftUpdateCheck = 1130;
				LastUpgradeCheck = 1130;
				ORGANIZATIONNAME = reich;
				TargetAttributes = {
					82BB09E4240D6CD200E9558E = {
						CreatedOnToolsVersion = 11.3;
					};
				};
			};
			buildConfigurationList = 82BB09E0240D6CD200E9558E /* Build configuration list for PBXProject "ChangingPerspectives" */;
			compatibilityVersion = "Xcode 9.3";
			developmentRegion = en;
			hasScannedForEncodings = 0;
			knownRegions = (
				en,
				Base,
			);
			mainGroup = 82BB09DC240D6CD200E9558E;
			productRefGroup = 82BB09E6240D6CD200E9558E /* Products */;
			projectDirPath = "";
			projectRoot = "";
			targets = (
				82BB09E4240D6CD200E9558E /* ChangingPerspectives */,
			);
		};
/* End PBXProject section */

/* Begin PBXResourcesBuildPhase section */
		82BB09E3240D6CD200E9558E /* Resources */ = {
			isa = PBXResourcesBuildPhase;
			buildActionMask = 2147483647;
			files = (
				82BB09F5240D6CD300E9558E /* LaunchScreen.storyboard in Resources */,
				82BB09F2240D6CD300E9558E /* Assets.xcassets in Resources */,
				82BB09F0240D6CD200E9558E /* Main.storyboard in Resources */,
			);
			runOnlyForDeploymentPostprocessing = 0;
		};
/* End PBXResourcesBuildPhase section */

/* Begin PBXSourcesBuildPhase section */
		82BB09E1240D6CD200E9558E /* Sources */ = {
			isa = PBXSourcesBuildPhase;
			buildActionMask = 2147483647;
			files = (
				82BB09ED240D6CD200E9558E /* ViewController.swift in Sources */,
				82BB09FD2410A83B00E9558E /* Prompt.swift in Sources */,
				82BB09FF2410BA7000E9558E /* SingleStoryVC.swift in Sources */,
				82BB09E9240D6CD200E9558E /* AppDelegate.swift in Sources */,
				82BB09EB240D6CD200E9558E /* SceneDelegate.swift in Sources */,
			);
			runOnlyForDeploymentPostprocessing = 0;
		};
/* End PBXSourcesBuildPhase section */

/* Begin PBXVariantGroup section */
		82BB09EE240D6CD200E9558E /* Main.storyboard */ = {
			isa = PBXVariantGroup;
			children = (
				82BB09EF240D6CD200E9558E /* Base */,
			);
			name = Main.storyboard;
			sourceTree = "<group>";
		};
		82BB09F3240D6CD300E9558E /* LaunchScreen.storyboard */ = {
			isa = PBXVariantGroup;
			children = (
				82BB09F4240D6CD300E9558E /* Base */,
			);
			name = LaunchScreen.storyboard;
			sourceTree = "<group>";
		};
/* End PBXVariantGroup section */

/* Begin XCBuildConfiguration section */
		82BB09F7240D6CD300E9558E /* Debug */ = {
			isa = XCBuildConfiguration;
			buildSettings = {
				ALWAYS_SEARCH_USER_PATHS = NO;
				CLANG_ANALYZER_NONNULL = YES;
				CLANG_ANALYZER_NUMBER_OBJECT_CONVERSION = YES_AGGRESSIVE;
				CLANG_CXX_LANGUAGE_STANDARD = "gnu++14";
				CLANG_CXX_LIBRARY = "libc++";
				CLANG_ENABLE_MODULES = YES;
				CLANG_ENABLE_OBJC_ARC = YES;
				CLANG_ENABLE_OBJC_WEAK = YES;
				CLANG_WARN_BLOCK_CAPTURE_AUTORELEASING = YES;
				CLANG_WARN_BOOL_CONVERSION = YES;
				CLANG_WARN_COMMA = YES;
				CLANG_WARN_CONSTANT_CONVERSION = YES;
				CLANG_WARN_DEPRECATED_OBJC_IMPLEMENTATIONS = YES;
				CLANG_WARN_DIRECT_OBJC_ISA_USAGE = YES_ERROR;
				CLANG_WARN_DOCUMENTATION_COMMENTS = YES;
				CLANG_WARN_EMPTY_BODY = YES;
				CLANG_WARN_ENUM_CONVERSION = YES;
				CLANG_WARN_INFINITE_RECURSION = YES;
				CLANG_WARN_INT_CONVERSION = YES;
				CLANG_WARN_NON_LITERAL_NULL_CONVERSION = YES;
				CLANG_WARN_OBJC_IMPLICIT_RETAIN_SELF = YES;
				CLANG_WARN_OBJC_LITERAL_CONVERSION = YES;
				CLANG_WARN_OBJC_ROOT_CLASS = YES_ERROR;
				CLANG_WARN_RANGE_LOOP_ANALYSIS = YES;
				CLANG_WARN_STRICT_PROTOTYPES = YES;
				CLANG_WARN_SUSPICIOUS_MOVE = YES;
				CLANG_WARN_UNGUARDED_AVAILABILITY = YES_AGGRESSIVE;
				CLANG_WARN_UNREACHABLE_CODE = YES;
				CLANG_WARN__DUPLICATE_METHOD_MATCH = YES;
				COPY_PHASE_STRIP = NO;
				DEBUG_INFORMATION_FORMAT = dwarf;
				ENABLE_STRICT_OBJC_MSGSEND = YES;
				ENABLE_TESTABILITY = YES;
				GCC_C_LANGUAGE_STANDARD = gnu11;
				GCC_DYNAMIC_NO_PIC = NO;
				GCC_NO_COMMON_BLOCKS = YES;
				GCC_OPTIMIZATION_LEVEL = 0;
				GCC_PREPROCESSOR_DEFINITIONS = (
					"DEBUG=1",
					"$(inherited)",
				);
				GCC_WARN_64_TO_32_BIT_CONVERSION = YES;
				GCC_WARN_ABOUT_RETURN_TYPE = YES_ERROR;
				GCC_WARN_UNDECLARED_SELECTOR = YES;
				GCC_WARN_UNINITIALIZED_AUTOS = YES_AGGRESSIVE;
				GCC_WARN_UNUSED_FUNCTION = YES;
				GCC_WARN_UNUSED_VARIABLE = YES;
				IPHONEOS_DEPLOYMENT_TARGET = 13.2;
				MTL_ENABLE_DEBUG_INFO = INCLUDE_SOURCE;
				MTL_FAST_MATH = YES;
				ONLY_ACTIVE_ARCH = YES;
				SDKROOT = iphoneos;
				SWIFT_ACTIVE_COMPILATION_CONDITIONS = DEBUG;
				SWIFT_OPTIMIZATION_LEVEL = "-Onone";
			};
			name = Debug;
		};
		82BB09F8240D6CD300E9558E /* Release */ = {
			isa = XCBuildConfiguration;
			buildSettings = {
				ALWAYS_SEARCH_USER_PATHS = NO;
				CLANG_ANALYZER_NONNULL = YES;
				CLANG_ANALYZER_NUMBER_OBJECT_CONVERSION = YES_AGGRESSIVE;
				CLANG_CXX_LANGUAGE_STANDARD = "gnu++14";
				CLANG_CXX_LIBRARY = "libc++";
				CLANG_ENABLE_MODULES = YES;
				CLANG_ENABLE_OBJC_ARC = YES;
				CLANG_ENABLE_OBJC_WEAK = YES;
				CLANG_WARN_BLOCK_CAPTURE_AUTORELEASING = YES;
				CLANG_WARN_BOOL_CONVERSION = YES;
				CLANG_WARN_COMMA = YES;
				CLANG_WARN_CONSTANT_CONVERSION = YES;
				CLANG_WARN_DEPRECATED_OBJC_IMPLEMENTATIONS = YES;
				CLANG_WARN_DIRECT_OBJC_ISA_USAGE = YES_ERROR;
				CLANG_WARN_DOCUMENTATION_COMMENTS = YES;
				CLANG_WARN_EMPTY_BODY = YES;
				CLANG_WARN_ENUM_CONVERSION = YES;
				CLANG_WARN_INFINITE_RECURSION = YES;
				CLANG_WARN_INT_CONVERSION = YES;
				CLANG_WARN_NON_LITERAL_NULL_CONVERSION = YES;
				CLANG_WARN_OBJC_IMPLICIT_RETAIN_SELF = YES;
				CLANG_WARN_OBJC_LITERAL_CONVERSION = YES;
				CLANG_WARN_OBJC_ROOT_CLASS = YES_ERROR;
				CLANG_WARN_RANGE_LOOP_ANALYSIS = YES;
				CLANG_WARN_STRICT_PROTOTYPES = YES;
				CLANG_WARN_SUSPICIOUS_MOVE = YES;
				CLANG_WARN_UNGUARDED_AVAILABILITY = YES_AGGRESSIVE;
				CLANG_WARN_UNREACHABLE_CODE = YES;
				CLANG_WARN__DUPLICATE_METHOD_MATCH = YES;
				COPY_PHASE_STRIP = NO;
				DEBUG_INFORMATION_FORMAT = "dwarf-with-dsym";
				ENABLE_NS_ASSERTIONS = NO;
				ENABLE_STRICT_OBJC_MSGSEND = YES;
				GCC_C_LANGUAGE_STANDARD = gnu11;
				GCC_NO_COMMON_BLOCKS = YES;
				GCC_WARN_64_TO_32_BIT_CONVERSION = YES;
				GCC_WARN_ABOUT_RETURN_TYPE = YES_ERROR;
				GCC_WARN_UNDECLARED_SELECTOR = YES;
				GCC_WARN_UNINITIALIZED_AUTOS = YES_AGGRESSIVE;
				GCC_WARN_UNUSED_FUNCTION = YES;
				GCC_WARN_UNUSED_VARIABLE = YES;
				IPHONEOS_DEPLOYMENT_TARGET = 13.2;
				MTL_ENABLE_DEBUG_INFO = NO;
				MTL_FAST_MATH = YES;
				SDKROOT = iphoneos;
				SWIFT_COMPILATION_MODE = wholemodule;
				SWIFT_OPTIMIZATION_LEVEL = "-O";
				VALIDATE_PRODUCT = YES;
			};
			name = Release;
		};
		82BB09FA240D6CD300E9558E /* Debug */ = {
			isa = XCBuildConfiguration;
			buildSettings = {
				ASSETCATALOG_COMPILER_APPICON_NAME = AppIcon;
				CODE_SIGN_STYLE = Automatic;
				DEVELOPMENT_TEAM = 959U8DNYLR;
				INFOPLIST_FILE = ChangingPerspectives/Info.plist;
				LD_RUNPATH_SEARCH_PATHS = (
					"$(inherited)",
					"@executable_path/Frameworks",
				);
				PRODUCT_BUNDLE_IDENTIFIER = com.reich.ChangingPerspectives;
				PRODUCT_NAME = "$(TARGET_NAME)";
				SWIFT_VERSION = 5.0;
				TARGETED_DEVICE_FAMILY = "1,2";
			};
			name = Debug;
		};
		82BB09FB240D6CD300E9558E /* Release */ = {
			isa = XCBuildConfiguration;
			buildSettings = {
				ASSETCATALOG_COMPILER_APPICON_NAME = AppIcon;
				CODE_SIGN_STYLE = Automatic;
				DEVELOPMENT_TEAM = 959U8DNYLR;
				INFOPLIST_FILE = ChangingPerspectives/Info.plist;
				LD_RUNPATH_SEARCH_PATHS = (
					"$(inherited)",
					"@executable_path/Frameworks",
				);
				PRODUCT_BUNDLE_IDENTIFIER = com.reich.ChangingPerspectives;
				PRODUCT_NAME = "$(TARGET_NAME)";
				SWIFT_VERSION = 5.0;
				TARGETED_DEVICE_FAMILY = "1,2";
			};
			name = Release;
		};
/* End XCBuildConfiguration section */

/* Begin XCConfigurationList section */
		82BB09E0240D6CD200E9558E /* Build configuration list for PBXProject "ChangingPerspectives" */ = {
			isa = XCConfigurationList;
			buildConfigurations = (
				82BB09F7240D6CD300E9558E /* Debug */,
				82BB09F8240D6CD300E9558E /* Release */,
			);
			defaultConfigurationIsVisible = 0;
			defaultConfigurationName = Release;
		};
		82BB09F9240D6CD300E9558E /* Build configuration list for PBXNativeTarget "ChangingPerspectives" */ = {
			isa = XCConfigurationList;
			buildConfigurations = (
				82BB09FA240D6CD300E9558E /* Debug */,
				82BB09FB240D6CD300E9558E /* Release */,
			);
			defaultConfigurationIsVisible = 0;
			defaultConfigurationName = Release;
		};
/* End XCConfigurationList section */
	};
	rootObject = 82BB09DD240D6CD200E9558E /* Project object */;
}
